{
  "name": "frontend",
  "version": "0.1.0",
  "lockfileVersion": 3,
  "requires": true,
  "private": true,
  "packages": {
    "": {
      "name": "frontend",
      "version": "0.1.0"
    }
  },
  "browserslist": {
    "development": [
      "last 1 chrome version",
      "last 1 firefox version",
      "last 1 safari version"
    ],
    "production": [
      ">0.2%",
      "not dead",
      "not op_mini all"
    ]
  },
  "devDependencies": {
    "source-map-loader": "^5.0.0"
  },
  "eslintConfig": {
    "extends": [
      "react-app",
      "react-app/jest"
    ]
  },
  "scripts": {
    "build": "craco build",
    "eject": "react-scripts eject",
    "start": "craco start",
    "test": "craco test"
  }
}
